<?xml version="1.0" encoding="UTF-8"?>
<CodeBlocks_project_file>
	<FileVersion major="1" minor="6"/>
	<Project>
		<Option title="NanotubeBundleDeformed"/>
		<Option makefile_is_custom="1"/>
		<Option compiler="clang"/>
		<Option virtualFolders="CMake Files\;CMake Files\src\;"/>
		<Build>
			<Target title="all">
				<Option working_dir="/Users/Meow/Documents/physics/research/NanotubeBundleDeformed"/>
				<Option type="4"/>
				<MakeCommands>
					<Build command="/usr/bin/make -f &quot;/Users/Meow/Documents/physics/research/NanotubeBundleDeformed/Makefile&quot;  VERBOSE=1 all"/>
					<CompileFile command="/usr/bin/make -f &quot;/Users/Meow/Documents/physics/research/NanotubeBundleDeformed/Makefile&quot;  VERBOSE=1 &quot;$file&quot;"/>
					<Clean command="/usr/bin/make -f &quot;/Users/Meow/Documents/physics/research/NanotubeBundleDeformed/Makefile&quot;  VERBOSE=1 clean"/>
					<DistClean command="/usr/bin/make -f &quot;/Users/Meow/Documents/physics/research/NanotubeBundleDeformed/Makefile&quot;  VERBOSE=1 clean"/>
				</MakeCommands>
			</Target>
			<Target title="rebuild_cache">
				<Option working_dir="/Users/Meow/Documents/physics/research/NanotubeBundleDeformed"/>
				<Option type="4"/>
				<MakeCommands>
					<Build command="/usr/bin/make -f &quot;/Users/Meow/Documents/physics/research/NanotubeBundleDeformed/Makefile&quot;  VERBOSE=1 rebuild_cache"/>
					<CompileFile command="/usr/bin/make -f &quot;/Users/Meow/Documents/physics/research/NanotubeBundleDeformed/Makefile&quot;  VERBOSE=1 &quot;$file&quot;"/>
					<Clean command="/usr/bin/make -f &quot;/Users/Meow/Documents/physics/research/NanotubeBundleDeformed/Makefile&quot;  VERBOSE=1 clean"/>
					<DistClean command="/usr/bin/make -f &quot;/Users/Meow/Documents/physics/research/NanotubeBundleDeformed/Makefile&quot;  VERBOSE=1 clean"/>
				</MakeCommands>
			</Target>
			<Target title="edit_cache">
				<Option working_dir="/Users/Meow/Documents/physics/research/NanotubeBundleDeformed"/>
				<Option type="4"/>
				<MakeCommands>
					<Build command="/usr/bin/make -f &quot;/Users/Meow/Documents/physics/research/NanotubeBundleDeformed/Makefile&quot;  VERBOSE=1 edit_cache"/>
					<CompileFile command="/usr/bin/make -f &quot;/Users/Meow/Documents/physics/research/NanotubeBundleDeformed/Makefile&quot;  VERBOSE=1 &quot;$file&quot;"/>
					<Clean command="/usr/bin/make -f &quot;/Users/Meow/Documents/physics/research/NanotubeBundleDeformed/Makefile&quot;  VERBOSE=1 clean"/>
					<DistClean command="/usr/bin/make -f &quot;/Users/Meow/Documents/physics/research/NanotubeBundleDeformed/Makefile&quot;  VERBOSE=1 clean"/>
				</MakeCommands>
			</Target>
			<Target title="TestClassInterlayerAttenuation">
				<Option output="/Users/Meow/Documents/physics/research/NanotubeBundleDeformed/bin/TestClassInterlayerAttenuation" prefix_auto="0" extension_auto="0"/>
				<Option working_dir="/Users/Meow/Documents/physics/research/NanotubeBundleDeformed/bin"/>
				<Option object_output="./"/>
				<Option type="1"/>
				<Option compiler="clang"/>
				<Compiler/>
				<MakeCommands>
					<Build command="/usr/bin/make -f &quot;/Users/Meow/Documents/physics/research/NanotubeBundleDeformed/src/Makefile&quot;  VERBOSE=1 TestClassInterlayerAttenuation"/>
					<CompileFile command="/usr/bin/make -f &quot;/Users/Meow/Documents/physics/research/NanotubeBundleDeformed/src/Makefile&quot;  VERBOSE=1 &quot;$file&quot;"/>
					<Clean command="/usr/bin/make -f &quot;/Users/Meow/Documents/physics/research/NanotubeBundleDeformed/src/Makefile&quot;  VERBOSE=1 clean"/>
					<DistClean command="/usr/bin/make -f &quot;/Users/Meow/Documents/physics/research/NanotubeBundleDeformed/src/Makefile&quot;  VERBOSE=1 clean"/>
				</MakeCommands>
			</Target>
			<Target title="TestClassInterlayerAttenuation/fast">
				<Option output="/Users/Meow/Documents/physics/research/NanotubeBundleDeformed/bin/TestClassInterlayerAttenuation" prefix_auto="0" extension_auto="0"/>
				<Option working_dir="/Users/Meow/Documents/physics/research/NanotubeBundleDeformed/bin"/>
				<Option object_output="./"/>
				<Option type="1"/>
				<Option compiler="clang"/>
				<Compiler/>
				<MakeCommands>
					<Build command="/usr/bin/make -f &quot;/Users/Meow/Documents/physics/research/NanotubeBundleDeformed/src/Makefile&quot;  VERBOSE=1 TestClassInterlayerAttenuation/fast"/>
					<CompileFile command="/usr/bin/make -f &quot;/Users/Meow/Documents/physics/research/NanotubeBundleDeformed/src/Makefile&quot;  VERBOSE=1 &quot;$file&quot;"/>
					<Clean command="/usr/bin/make -f &quot;/Users/Meow/Documents/physics/research/NanotubeBundleDeformed/src/Makefile&quot;  VERBOSE=1 clean"/>
					<DistClean command="/usr/bin/make -f &quot;/Users/Meow/Documents/physics/research/NanotubeBundleDeformed/src/Makefile&quot;  VERBOSE=1 clean"/>
				</MakeCommands>
			</Target>
			<Target title="NanotubeBundleDeformed">
				<Option output="/Users/Meow/Documents/physics/research/NanotubeBundleDeformed/bin/NanotubeBundleDeformed" prefix_auto="0" extension_auto="0"/>
				<Option working_dir="/Users/Meow/Documents/physics/research/NanotubeBundleDeformed/bin"/>
				<Option object_output="./"/>
				<Option type="1"/>
				<Option compiler="clang"/>
				<Compiler/>
				<MakeCommands>
					<Build command="/usr/bin/make -f &quot;/Users/Meow/Documents/physics/research/NanotubeBundleDeformed/src/Makefile&quot;  VERBOSE=1 NanotubeBundleDeformed"/>
					<CompileFile command="/usr/bin/make -f &quot;/Users/Meow/Documents/physics/research/NanotubeBundleDeformed/src/Makefile&quot;  VERBOSE=1 &quot;$file&quot;"/>
					<Clean command="/usr/bin/make -f &quot;/Users/Meow/Documents/physics/research/NanotubeBundleDeformed/src/Makefile&quot;  VERBOSE=1 clean"/>
					<DistClean command="/usr/bin/make -f &quot;/Users/Meow/Documents/physics/research/NanotubeBundleDeformed/src/Makefile&quot;  VERBOSE=1 clean"/>
				</MakeCommands>
			</Target>
			<Target title="NanotubeBundleDeformed/fast">
				<Option output="/Users/Meow/Documents/physics/research/NanotubeBundleDeformed/bin/NanotubeBundleDeformed" prefix_auto="0" extension_auto="0"/>
				<Option working_dir="/Users/Meow/Documents/physics/research/NanotubeBundleDeformed/bin"/>
				<Option object_output="./"/>
				<Option type="1"/>
				<Option compiler="clang"/>
				<Compiler/>
				<MakeCommands>
					<Build command="/usr/bin/make -f &quot;/Users/Meow/Documents/physics/research/NanotubeBundleDeformed/src/Makefile&quot;  VERBOSE=1 NanotubeBundleDeformed/fast"/>
					<CompileFile command="/usr/bin/make -f &quot;/Users/Meow/Documents/physics/research/NanotubeBundleDeformed/src/Makefile&quot;  VERBOSE=1 &quot;$file&quot;"/>
					<Clean command="/usr/bin/make -f &quot;/Users/Meow/Documents/physics/research/NanotubeBundleDeformed/src/Makefile&quot;  VERBOSE=1 clean"/>
					<DistClean command="/usr/bin/make -f &quot;/Users/Meow/Documents/physics/research/NanotubeBundleDeformed/src/Makefile&quot;  VERBOSE=1 clean"/>
				</MakeCommands>
			</Target>
			<Target title="ClassSpectralFunction">
				<Option output="/Users/Meow/Documents/physics/research/NanotubeBundleDeformed/lib/libClassSpectralFunction.a" prefix_auto="0" extension_auto="0"/>
				<Option working_dir="/Users/Meow/Documents/physics/research/NanotubeBundleDeformed/src"/>
				<Option object_output="./"/>
				<Option type="2"/>
				<Option compiler="clang"/>
				<Compiler/>
				<MakeCommands>
					<Build command="/usr/bin/make -f &quot;/Users/Meow/Documents/physics/research/NanotubeBundleDeformed/src/Makefile&quot;  VERBOSE=1 ClassSpectralFunction"/>
					<CompileFile command="/usr/bin/make -f &quot;/Users/Meow/Documents/physics/research/NanotubeBundleDeformed/src/Makefile&quot;  VERBOSE=1 &quot;$file&quot;"/>
					<Clean command="/usr/bin/make -f &quot;/Users/Meow/Documents/physics/research/NanotubeBundleDeformed/src/Makefile&quot;  VERBOSE=1 clean"/>
					<DistClean command="/usr/bin/make -f &quot;/Users/Meow/Documents/physics/research/NanotubeBundleDeformed/src/Makefile&quot;  VERBOSE=1 clean"/>
				</MakeCommands>
			</Target>
			<Target title="ClassSpectralFunction/fast">
				<Option output="/Users/Meow/Documents/physics/research/NanotubeBundleDeformed/lib/libClassSpectralFunction.a" prefix_auto="0" extension_auto="0"/>
				<Option working_dir="/Users/Meow/Documents/physics/research/NanotubeBundleDeformed/src"/>
				<Option object_output="./"/>
				<Option type="2"/>
				<Option compiler="clang"/>
				<Compiler/>
				<MakeCommands>
					<Build command="/usr/bin/make -f &quot;/Users/Meow/Documents/physics/research/NanotubeBundleDeformed/src/Makefile&quot;  VERBOSE=1 ClassSpectralFunction/fast"/>
					<CompileFile command="/usr/bin/make -f &quot;/Users/Meow/Documents/physics/research/NanotubeBundleDeformed/src/Makefile&quot;  VERBOSE=1 &quot;$file&quot;"/>
					<Clean command="/usr/bin/make -f &quot;/Users/Meow/Documents/physics/research/NanotubeBundleDeformed/src/Makefile&quot;  VERBOSE=1 clean"/>
					<DistClean command="/usr/bin/make -f &quot;/Users/Meow/Documents/physics/research/NanotubeBundleDeformed/src/Makefile&quot;  VERBOSE=1 clean"/>
				</MakeCommands>
			</Target>
			<Target title="ClassNanotubeBundle">
				<Option output="/Users/Meow/Documents/physics/research/NanotubeBundleDeformed/lib/libClassNanotubeBundle.a" prefix_auto="0" extension_auto="0"/>
				<Option working_dir="/Users/Meow/Documents/physics/research/NanotubeBundleDeformed/src"/>
				<Option object_output="./"/>
				<Option type="2"/>
				<Option compiler="clang"/>
				<Compiler/>
				<MakeCommands>
					<Build command="/usr/bin/make -f &quot;/Users/Meow/Documents/physics/research/NanotubeBundleDeformed/src/Makefile&quot;  VERBOSE=1 ClassNanotubeBundle"/>
					<CompileFile command="/usr/bin/make -f &quot;/Users/Meow/Documents/physics/research/NanotubeBundleDeformed/src/Makefile&quot;  VERBOSE=1 &quot;$file&quot;"/>
					<Clean command="/usr/bin/make -f &quot;/Users/Meow/Documents/physics/research/NanotubeBundleDeformed/src/Makefile&quot;  VERBOSE=1 clean"/>
					<DistClean command="/usr/bin/make -f &quot;/Users/Meow/Documents/physics/research/NanotubeBundleDeformed/src/Makefile&quot;  VERBOSE=1 clean"/>
				</MakeCommands>
			</Target>
			<Target title="ClassNanotubeBundle/fast">
				<Option output="/Users/Meow/Documents/physics/research/NanotubeBundleDeformed/lib/libClassNanotubeBundle.a" prefix_auto="0" extension_auto="0"/>
				<Option working_dir="/Users/Meow/Documents/physics/research/NanotubeBundleDeformed/src"/>
				<Option object_output="./"/>
				<Option type="2"/>
				<Option compiler="clang"/>
				<Compiler/>
				<MakeCommands>
					<Build command="/usr/bin/make -f &quot;/Users/Meow/Documents/physics/research/NanotubeBundleDeformed/src/Makefile&quot;  VERBOSE=1 ClassNanotubeBundle/fast"/>
					<CompileFile command="/usr/bin/make -f &quot;/Users/Meow/Documents/physics/research/NanotubeBundleDeformed/src/Makefile&quot;  VERBOSE=1 &quot;$file&quot;"/>
					<Clean command="/usr/bin/make -f &quot;/Users/Meow/Documents/physics/research/NanotubeBundleDeformed/src/Makefile&quot;  VERBOSE=1 clean"/>
					<DistClean command="/usr/bin/make -f &quot;/Users/Meow/Documents/physics/research/NanotubeBundleDeformed/src/Makefile&quot;  VERBOSE=1 clean"/>
				</MakeCommands>
			</Target>
			<Target title="ModuleHermitianMatrixEigenvalueSolver">
				<Option output="/Users/Meow/Documents/physics/research/NanotubeBundleDeformed/lib/libModuleHermitianMatrixEigenvalueSolver.a" prefix_auto="0" extension_auto="0"/>
				<Option working_dir="/Users/Meow/Documents/physics/research/NanotubeBundleDeformed/src"/>
				<Option object_output="./"/>
				<Option type="2"/>
				<Option compiler="clang"/>
				<Compiler/>
				<MakeCommands>
					<Build command="/usr/bin/make -f &quot;/Users/Meow/Documents/physics/research/NanotubeBundleDeformed/src/Makefile&quot;  VERBOSE=1 ModuleHermitianMatrixEigenvalueSolver"/>
					<CompileFile command="/usr/bin/make -f &quot;/Users/Meow/Documents/physics/research/NanotubeBundleDeformed/src/Makefile&quot;  VERBOSE=1 &quot;$file&quot;"/>
					<Clean command="/usr/bin/make -f &quot;/Users/Meow/Documents/physics/research/NanotubeBundleDeformed/src/Makefile&quot;  VERBOSE=1 clean"/>
					<DistClean command="/usr/bin/make -f &quot;/Users/Meow/Documents/physics/research/NanotubeBundleDeformed/src/Makefile&quot;  VERBOSE=1 clean"/>
				</MakeCommands>
			</Target>
			<Target title="ModuleHermitianMatrixEigenvalueSolver/fast">
				<Option output="/Users/Meow/Documents/physics/research/NanotubeBundleDeformed/lib/libModuleHermitianMatrixEigenvalueSolver.a" prefix_auto="0" extension_auto="0"/>
				<Option working_dir="/Users/Meow/Documents/physics/research/NanotubeBundleDeformed/src"/>
				<Option object_output="./"/>
				<Option type="2"/>
				<Option compiler="clang"/>
				<Compiler/>
				<MakeCommands>
					<Build command="/usr/bin/make -f &quot;/Users/Meow/Documents/physics/research/NanotubeBundleDeformed/src/Makefile&quot;  VERBOSE=1 ModuleHermitianMatrixEigenvalueSolver/fast"/>
					<CompileFile command="/usr/bin/make -f &quot;/Users/Meow/Documents/physics/research/NanotubeBundleDeformed/src/Makefile&quot;  VERBOSE=1 &quot;$file&quot;"/>
					<Clean command="/usr/bin/make -f &quot;/Users/Meow/Documents/physics/research/NanotubeBundleDeformed/src/Makefile&quot;  VERBOSE=1 clean"/>
					<DistClean command="/usr/bin/make -f &quot;/Users/Meow/Documents/physics/research/NanotubeBundleDeformed/src/Makefile&quot;  VERBOSE=1 clean"/>
				</MakeCommands>
			</Target>
			<Target title="ClassInterlayerAttenuation">
				<Option output="/Users/Meow/Documents/physics/research/NanotubeBundleDeformed/lib/libClassInterlayerAttenuation.a" prefix_auto="0" extension_auto="0"/>
				<Option working_dir="/Users/Meow/Documents/physics/research/NanotubeBundleDeformed/src"/>
				<Option object_output="./"/>
				<Option type="2"/>
				<Option compiler="clang"/>
				<Compiler/>
				<MakeCommands>
					<Build command="/usr/bin/make -f &quot;/Users/Meow/Documents/physics/research/NanotubeBundleDeformed/src/Makefile&quot;  VERBOSE=1 ClassInterlayerAttenuation"/>
					<CompileFile command="/usr/bin/make -f &quot;/Users/Meow/Documents/physics/research/NanotubeBundleDeformed/src/Makefile&quot;  VERBOSE=1 &quot;$file&quot;"/>
					<Clean command="/usr/bin/make -f &quot;/Users/Meow/Documents/physics/research/NanotubeBundleDeformed/src/Makefile&quot;  VERBOSE=1 clean"/>
					<DistClean command="/usr/bin/make -f &quot;/Users/Meow/Documents/physics/research/NanotubeBundleDeformed/src/Makefile&quot;  VERBOSE=1 clean"/>
				</MakeCommands>
			</Target>
			<Target title="ClassInterlayerAttenuation/fast">
				<Option output="/Users/Meow/Documents/physics/research/NanotubeBundleDeformed/lib/libClassInterlayerAttenuation.a" prefix_auto="0" extension_auto="0"/>
				<Option working_dir="/Users/Meow/Documents/physics/research/NanotubeBundleDeformed/src"/>
				<Option object_output="./"/>
				<Option type="2"/>
				<Option compiler="clang"/>
				<Compiler/>
				<MakeCommands>
					<Build command="/usr/bin/make -f &quot;/Users/Meow/Documents/physics/research/NanotubeBundleDeformed/src/Makefile&quot;  VERBOSE=1 ClassInterlayerAttenuation/fast"/>
					<CompileFile command="/usr/bin/make -f &quot;/Users/Meow/Documents/physics/research/NanotubeBundleDeformed/src/Makefile&quot;  VERBOSE=1 &quot;$file&quot;"/>
					<Clean command="/usr/bin/make -f &quot;/Users/Meow/Documents/physics/research/NanotubeBundleDeformed/src/Makefile&quot;  VERBOSE=1 clean"/>
					<DistClean command="/usr/bin/make -f &quot;/Users/Meow/Documents/physics/research/NanotubeBundleDeformed/src/Makefile&quot;  VERBOSE=1 clean"/>
				</MakeCommands>
			</Target>
			<Target title="Class_kBase">
				<Option output="/Users/Meow/Documents/physics/research/NanotubeBundleDeformed/lib/libClass_kBase.a" prefix_auto="0" extension_auto="0"/>
				<Option working_dir="/Users/Meow/Documents/physics/research/NanotubeBundleDeformed/src"/>
				<Option object_output="./"/>
				<Option type="2"/>
				<Option compiler="clang"/>
				<Compiler/>
				<MakeCommands>
					<Build command="/usr/bin/make -f &quot;/Users/Meow/Documents/physics/research/NanotubeBundleDeformed/src/Makefile&quot;  VERBOSE=1 Class_kBase"/>
					<CompileFile command="/usr/bin/make -f &quot;/Users/Meow/Documents/physics/research/NanotubeBundleDeformed/src/Makefile&quot;  VERBOSE=1 &quot;$file&quot;"/>
					<Clean command="/usr/bin/make -f &quot;/Users/Meow/Documents/physics/research/NanotubeBundleDeformed/src/Makefile&quot;  VERBOSE=1 clean"/>
					<DistClean command="/usr/bin/make -f &quot;/Users/Meow/Documents/physics/research/NanotubeBundleDeformed/src/Makefile&quot;  VERBOSE=1 clean"/>
				</MakeCommands>
			</Target>
			<Target title="Class_kBase/fast">
				<Option output="/Users/Meow/Documents/physics/research/NanotubeBundleDeformed/lib/libClass_kBase.a" prefix_auto="0" extension_auto="0"/>
				<Option working_dir="/Users/Meow/Documents/physics/research/NanotubeBundleDeformed/src"/>
				<Option object_output="./"/>
				<Option type="2"/>
				<Option compiler="clang"/>
				<Compiler/>
				<MakeCommands>
					<Build command="/usr/bin/make -f &quot;/Users/Meow/Documents/physics/research/NanotubeBundleDeformed/src/Makefile&quot;  VERBOSE=1 Class_kBase/fast"/>
					<CompileFile command="/usr/bin/make -f &quot;/Users/Meow/Documents/physics/research/NanotubeBundleDeformed/src/Makefile&quot;  VERBOSE=1 &quot;$file&quot;"/>
					<Clean command="/usr/bin/make -f &quot;/Users/Meow/Documents/physics/research/NanotubeBundleDeformed/src/Makefile&quot;  VERBOSE=1 clean"/>
					<DistClean command="/usr/bin/make -f &quot;/Users/Meow/Documents/physics/research/NanotubeBundleDeformed/src/Makefile&quot;  VERBOSE=1 clean"/>
				</MakeCommands>
			</Target>
			<Target title="ClassVectorIntegerArray1d">
				<Option output="/Users/Meow/Documents/physics/research/NanotubeBundleDeformed/lib/libClassVectorIntegerArray1d.a" prefix_auto="0" extension_auto="0"/>
				<Option working_dir="/Users/Meow/Documents/physics/research/NanotubeBundleDeformed/src"/>
				<Option object_output="./"/>
				<Option type="2"/>
				<Option compiler="clang"/>
				<Compiler/>
				<MakeCommands>
					<Build command="/usr/bin/make -f &quot;/Users/Meow/Documents/physics/research/NanotubeBundleDeformed/src/Makefile&quot;  VERBOSE=1 ClassVectorIntegerArray1d"/>
					<CompileFile command="/usr/bin/make -f &quot;/Users/Meow/Documents/physics/research/NanotubeBundleDeformed/src/Makefile&quot;  VERBOSE=1 &quot;$file&quot;"/>
					<Clean command="/usr/bin/make -f &quot;/Users/Meow/Documents/physics/research/NanotubeBundleDeformed/src/Makefile&quot;  VERBOSE=1 clean"/>
					<DistClean command="/usr/bin/make -f &quot;/Users/Meow/Documents/physics/research/NanotubeBundleDeformed/src/Makefile&quot;  VERBOSE=1 clean"/>
				</MakeCommands>
			</Target>
			<Target title="ClassVectorIntegerArray1d/fast">
				<Option output="/Users/Meow/Documents/physics/research/NanotubeBundleDeformed/lib/libClassVectorIntegerArray1d.a" prefix_auto="0" extension_auto="0"/>
				<Option working_dir="/Users/Meow/Documents/physics/research/NanotubeBundleDeformed/src"/>
				<Option object_output="./"/>
				<Option type="2"/>
				<Option compiler="clang"/>
				<Compiler/>
				<MakeCommands>
					<Build command="/usr/bin/make -f &quot;/Users/Meow/Documents/physics/research/NanotubeBundleDeformed/src/Makefile&quot;  VERBOSE=1 ClassVectorIntegerArray1d/fast"/>
					<CompileFile command="/usr/bin/make -f &quot;/Users/Meow/Documents/physics/research/NanotubeBundleDeformed/src/Makefile&quot;  VERBOSE=1 &quot;$file&quot;"/>
					<Clean command="/usr/bin/make -f &quot;/Users/Meow/Documents/physics/research/NanotubeBundleDeformed/src/Makefile&quot;  VERBOSE=1 clean"/>
					<DistClean command="/usr/bin/make -f &quot;/Users/Meow/Documents/physics/research/NanotubeBundleDeformed/src/Makefile&quot;  VERBOSE=1 clean"/>
				</MakeCommands>
			</Target>
			<Target title="ClassVectorDouble">
				<Option output="/Users/Meow/Documents/physics/research/NanotubeBundleDeformed/lib/libClassVectorDouble.a" prefix_auto="0" extension_auto="0"/>
				<Option working_dir="/Users/Meow/Documents/physics/research/NanotubeBundleDeformed/src"/>
				<Option object_output="./"/>
				<Option type="2"/>
				<Option compiler="clang"/>
				<Compiler/>
				<MakeCommands>
					<Build command="/usr/bin/make -f &quot;/Users/Meow/Documents/physics/research/NanotubeBundleDeformed/src/Makefile&quot;  VERBOSE=1 ClassVectorDouble"/>
					<CompileFile command="/usr/bin/make -f &quot;/Users/Meow/Documents/physics/research/NanotubeBundleDeformed/src/Makefile&quot;  VERBOSE=1 &quot;$file&quot;"/>
					<Clean command="/usr/bin/make -f &quot;/Users/Meow/Documents/physics/research/NanotubeBundleDeformed/src/Makefile&quot;  VERBOSE=1 clean"/>
					<DistClean command="/usr/bin/make -f &quot;/Users/Meow/Documents/physics/research/NanotubeBundleDeformed/src/Makefile&quot;  VERBOSE=1 clean"/>
				</MakeCommands>
			</Target>
			<Target title="ClassVectorDouble/fast">
				<Option output="/Users/Meow/Documents/physics/research/NanotubeBundleDeformed/lib/libClassVectorDouble.a" prefix_auto="0" extension_auto="0"/>
				<Option working_dir="/Users/Meow/Documents/physics/research/NanotubeBundleDeformed/src"/>
				<Option object_output="./"/>
				<Option type="2"/>
				<Option compiler="clang"/>
				<Compiler/>
				<MakeCommands>
					<Build command="/usr/bin/make -f &quot;/Users/Meow/Documents/physics/research/NanotubeBundleDeformed/src/Makefile&quot;  VERBOSE=1 ClassVectorDouble/fast"/>
					<CompileFile command="/usr/bin/make -f &quot;/Users/Meow/Documents/physics/research/NanotubeBundleDeformed/src/Makefile&quot;  VERBOSE=1 &quot;$file&quot;"/>
					<Clean command="/usr/bin/make -f &quot;/Users/Meow/Documents/physics/research/NanotubeBundleDeformed/src/Makefile&quot;  VERBOSE=1 clean"/>
					<DistClean command="/usr/bin/make -f &quot;/Users/Meow/Documents/physics/research/NanotubeBundleDeformed/src/Makefile&quot;  VERBOSE=1 clean"/>
				</MakeCommands>
			</Target>
			<Target title="ClassVectorComplex8">
				<Option output="/Users/Meow/Documents/physics/research/NanotubeBundleDeformed/lib/libClassVectorComplex8.a" prefix_auto="0" extension_auto="0"/>
				<Option working_dir="/Users/Meow/Documents/physics/research/NanotubeBundleDeformed/src"/>
				<Option object_output="./"/>
				<Option type="2"/>
				<Option compiler="clang"/>
				<Compiler/>
				<MakeCommands>
					<Build command="/usr/bin/make -f &quot;/Users/Meow/Documents/physics/research/NanotubeBundleDeformed/src/Makefile&quot;  VERBOSE=1 ClassVectorComplex8"/>
					<CompileFile command="/usr/bin/make -f &quot;/Users/Meow/Documents/physics/research/NanotubeBundleDeformed/src/Makefile&quot;  VERBOSE=1 &quot;$file&quot;"/>
					<Clean command="/usr/bin/make -f &quot;/Users/Meow/Documents/physics/research/NanotubeBundleDeformed/src/Makefile&quot;  VERBOSE=1 clean"/>
					<DistClean command="/usr/bin/make -f &quot;/Users/Meow/Documents/physics/research/NanotubeBundleDeformed/src/Makefile&quot;  VERBOSE=1 clean"/>
				</MakeCommands>
			</Target>
			<Target title="ClassVectorComplex8/fast">
				<Option output="/Users/Meow/Documents/physics/research/NanotubeBundleDeformed/lib/libClassVectorComplex8.a" prefix_auto="0" extension_auto="0"/>
				<Option working_dir="/Users/Meow/Documents/physics/research/NanotubeBundleDeformed/src"/>
				<Option object_output="./"/>
				<Option type="2"/>
				<Option compiler="clang"/>
				<Compiler/>
				<MakeCommands>
					<Build command="/usr/bin/make -f &quot;/Users/Meow/Documents/physics/research/NanotubeBundleDeformed/src/Makefile&quot;  VERBOSE=1 ClassVectorComplex8/fast"/>
					<CompileFile command="/usr/bin/make -f &quot;/Users/Meow/Documents/physics/research/NanotubeBundleDeformed/src/Makefile&quot;  VERBOSE=1 &quot;$file&quot;"/>
					<Clean command="/usr/bin/make -f &quot;/Users/Meow/Documents/physics/research/NanotubeBundleDeformed/src/Makefile&quot;  VERBOSE=1 clean"/>
					<DistClean command="/usr/bin/make -f &quot;/Users/Meow/Documents/physics/research/NanotubeBundleDeformed/src/Makefile&quot;  VERBOSE=1 clean"/>
				</MakeCommands>
			</Target>
			<Target title="ClassHamiltonianConstructor">
				<Option output="/Users/Meow/Documents/physics/research/NanotubeBundleDeformed/lib/libClassHamiltonianConstructor.a" prefix_auto="0" extension_auto="0"/>
				<Option working_dir="/Users/Meow/Documents/physics/research/NanotubeBundleDeformed/src"/>
				<Option object_output="./"/>
				<Option type="2"/>
				<Option compiler="clang"/>
				<Compiler/>
				<MakeCommands>
					<Build command="/usr/bin/make -f &quot;/Users/Meow/Documents/physics/research/NanotubeBundleDeformed/src/Makefile&quot;  VERBOSE=1 ClassHamiltonianConstructor"/>
					<CompileFile command="/usr/bin/make -f &quot;/Users/Meow/Documents/physics/research/NanotubeBundleDeformed/src/Makefile&quot;  VERBOSE=1 &quot;$file&quot;"/>
					<Clean command="/usr/bin/make -f &quot;/Users/Meow/Documents/physics/research/NanotubeBundleDeformed/src/Makefile&quot;  VERBOSE=1 clean"/>
					<DistClean command="/usr/bin/make -f &quot;/Users/Meow/Documents/physics/research/NanotubeBundleDeformed/src/Makefile&quot;  VERBOSE=1 clean"/>
				</MakeCommands>
			</Target>
			<Target title="ClassHamiltonianConstructor/fast">
				<Option output="/Users/Meow/Documents/physics/research/NanotubeBundleDeformed/lib/libClassHamiltonianConstructor.a" prefix_auto="0" extension_auto="0"/>
				<Option working_dir="/Users/Meow/Documents/physics/research/NanotubeBundleDeformed/src"/>
				<Option object_output="./"/>
				<Option type="2"/>
				<Option compiler="clang"/>
				<Compiler/>
				<MakeCommands>
					<Build command="/usr/bin/make -f &quot;/Users/Meow/Documents/physics/research/NanotubeBundleDeformed/src/Makefile&quot;  VERBOSE=1 ClassHamiltonianConstructor/fast"/>
					<CompileFile command="/usr/bin/make -f &quot;/Users/Meow/Documents/physics/research/NanotubeBundleDeformed/src/Makefile&quot;  VERBOSE=1 &quot;$file&quot;"/>
					<Clean command="/usr/bin/make -f &quot;/Users/Meow/Documents/physics/research/NanotubeBundleDeformed/src/Makefile&quot;  VERBOSE=1 clean"/>
					<DistClean command="/usr/bin/make -f &quot;/Users/Meow/Documents/physics/research/NanotubeBundleDeformed/src/Makefile&quot;  VERBOSE=1 clean"/>
				</MakeCommands>
			</Target>
			<Target title="Lattice2d">
				<Option output="/Users/Meow/Documents/physics/research/NanotubeBundleDeformed/lib/libLattice2d.a" prefix_auto="0" extension_auto="0"/>
				<Option working_dir="/Users/Meow/Documents/physics/research/NanotubeBundleDeformed/src"/>
				<Option object_output="./"/>
				<Option type="2"/>
				<Option compiler="clang"/>
				<Compiler/>
				<MakeCommands>
					<Build command="/usr/bin/make -f &quot;/Users/Meow/Documents/physics/research/NanotubeBundleDeformed/src/Makefile&quot;  VERBOSE=1 Lattice2d"/>
					<CompileFile command="/usr/bin/make -f &quot;/Users/Meow/Documents/physics/research/NanotubeBundleDeformed/src/Makefile&quot;  VERBOSE=1 &quot;$file&quot;"/>
					<Clean command="/usr/bin/make -f &quot;/Users/Meow/Documents/physics/research/NanotubeBundleDeformed/src/Makefile&quot;  VERBOSE=1 clean"/>
					<DistClean command="/usr/bin/make -f &quot;/Users/Meow/Documents/physics/research/NanotubeBundleDeformed/src/Makefile&quot;  VERBOSE=1 clean"/>
				</MakeCommands>
			</Target>
			<Target title="Lattice2d/fast">
				<Option output="/Users/Meow/Documents/physics/research/NanotubeBundleDeformed/lib/libLattice2d.a" prefix_auto="0" extension_auto="0"/>
				<Option working_dir="/Users/Meow/Documents/physics/research/NanotubeBundleDeformed/src"/>
				<Option object_output="./"/>
				<Option type="2"/>
				<Option compiler="clang"/>
				<Compiler/>
				<MakeCommands>
					<Build command="/usr/bin/make -f &quot;/Users/Meow/Documents/physics/research/NanotubeBundleDeformed/src/Makefile&quot;  VERBOSE=1 Lattice2d/fast"/>
					<CompileFile command="/usr/bin/make -f &quot;/Users/Meow/Documents/physics/research/NanotubeBundleDeformed/src/Makefile&quot;  VERBOSE=1 &quot;$file&quot;"/>
					<Clean command="/usr/bin/make -f &quot;/Users/Meow/Documents/physics/research/NanotubeBundleDeformed/src/Makefile&quot;  VERBOSE=1 clean"/>
					<DistClean command="/usr/bin/make -f &quot;/Users/Meow/Documents/physics/research/NanotubeBundleDeformed/src/Makefile&quot;  VERBOSE=1 clean"/>
				</MakeCommands>
			</Target>
			<Target title="ClassVectorInteger">
				<Option output="/Users/Meow/Documents/physics/research/NanotubeBundleDeformed/lib/libClassVectorInteger.a" prefix_auto="0" extension_auto="0"/>
				<Option working_dir="/Users/Meow/Documents/physics/research/NanotubeBundleDeformed/src"/>
				<Option object_output="./"/>
				<Option type="2"/>
				<Option compiler="clang"/>
				<Compiler/>
				<MakeCommands>
					<Build command="/usr/bin/make -f &quot;/Users/Meow/Documents/physics/research/NanotubeBundleDeformed/src/Makefile&quot;  VERBOSE=1 ClassVectorInteger"/>
					<CompileFile command="/usr/bin/make -f &quot;/Users/Meow/Documents/physics/research/NanotubeBundleDeformed/src/Makefile&quot;  VERBOSE=1 &quot;$file&quot;"/>
					<Clean command="/usr/bin/make -f &quot;/Users/Meow/Documents/physics/research/NanotubeBundleDeformed/src/Makefile&quot;  VERBOSE=1 clean"/>
					<DistClean command="/usr/bin/make -f &quot;/Users/Meow/Documents/physics/research/NanotubeBundleDeformed/src/Makefile&quot;  VERBOSE=1 clean"/>
				</MakeCommands>
			</Target>
			<Target title="ClassVectorInteger/fast">
				<Option output="/Users/Meow/Documents/physics/research/NanotubeBundleDeformed/lib/libClassVectorInteger.a" prefix_auto="0" extension_auto="0"/>
				<Option working_dir="/Users/Meow/Documents/physics/research/NanotubeBundleDeformed/src"/>
				<Option object_output="./"/>
				<Option type="2"/>
				<Option compiler="clang"/>
				<Compiler/>
				<MakeCommands>
					<Build command="/usr/bin/make -f &quot;/Users/Meow/Documents/physics/research/NanotubeBundleDeformed/src/Makefile&quot;  VERBOSE=1 ClassVectorInteger/fast"/>
					<CompileFile command="/usr/bin/make -f &quot;/Users/Meow/Documents/physics/research/NanotubeBundleDeformed/src/Makefile&quot;  VERBOSE=1 &quot;$file&quot;"/>
					<Clean command="/usr/bin/make -f &quot;/Users/Meow/Documents/physics/research/NanotubeBundleDeformed/src/Makefile&quot;  VERBOSE=1 clean"/>
					<DistClean command="/usr/bin/make -f &quot;/Users/Meow/Documents/physics/research/NanotubeBundleDeformed/src/Makefile&quot;  VERBOSE=1 clean"/>
				</MakeCommands>
			</Target>
			<Target title="ClassSingleWallNanotube">
				<Option output="/Users/Meow/Documents/physics/research/NanotubeBundleDeformed/lib/libClassSingleWallNanotube.a" prefix_auto="0" extension_auto="0"/>
				<Option working_dir="/Users/Meow/Documents/physics/research/NanotubeBundleDeformed/src"/>
				<Option object_output="./"/>
				<Option type="2"/>
				<Option compiler="clang"/>
				<Compiler/>
				<MakeCommands>
					<Build command="/usr/bin/make -f &quot;/Users/Meow/Documents/physics/research/NanotubeBundleDeformed/src/Makefile&quot;  VERBOSE=1 ClassSingleWallNanotube"/>
					<CompileFile command="/usr/bin/make -f &quot;/Users/Meow/Documents/physics/research/NanotubeBundleDeformed/src/Makefile&quot;  VERBOSE=1 &quot;$file&quot;"/>
					<Clean command="/usr/bin/make -f &quot;/Users/Meow/Documents/physics/research/NanotubeBundleDeformed/src/Makefile&quot;  VERBOSE=1 clean"/>
					<DistClean command="/usr/bin/make -f &quot;/Users/Meow/Documents/physics/research/NanotubeBundleDeformed/src/Makefile&quot;  VERBOSE=1 clean"/>
				</MakeCommands>
			</Target>
			<Target title="ClassSingleWallNanotube/fast">
				<Option output="/Users/Meow/Documents/physics/research/NanotubeBundleDeformed/lib/libClassSingleWallNanotube.a" prefix_auto="0" extension_auto="0"/>
				<Option working_dir="/Users/Meow/Documents/physics/research/NanotubeBundleDeformed/src"/>
				<Option object_output="./"/>
				<Option type="2"/>
				<Option compiler="clang"/>
				<Compiler/>
				<MakeCommands>
					<Build command="/usr/bin/make -f &quot;/Users/Meow/Documents/physics/research/NanotubeBundleDeformed/src/Makefile&quot;  VERBOSE=1 ClassSingleWallNanotube/fast"/>
					<CompileFile command="/usr/bin/make -f &quot;/Users/Meow/Documents/physics/research/NanotubeBundleDeformed/src/Makefile&quot;  VERBOSE=1 &quot;$file&quot;"/>
					<Clean command="/usr/bin/make -f &quot;/Users/Meow/Documents/physics/research/NanotubeBundleDeformed/src/Makefile&quot;  VERBOSE=1 clean"/>
					<DistClean command="/usr/bin/make -f &quot;/Users/Meow/Documents/physics/research/NanotubeBundleDeformed/src/Makefile&quot;  VERBOSE=1 clean"/>
				</MakeCommands>
			</Target>
			<Target title="ClassVectorDoubleArray1d">
				<Option output="/Users/Meow/Documents/physics/research/NanotubeBundleDeformed/lib/libClassVectorDoubleArray1d.a" prefix_auto="0" extension_auto="0"/>
				<Option working_dir="/Users/Meow/Documents/physics/research/NanotubeBundleDeformed/src"/>
				<Option object_output="./"/>
				<Option type="2"/>
				<Option compiler="clang"/>
				<Compiler/>
				<MakeCommands>
					<Build command="/usr/bin/make -f &quot;/Users/Meow/Documents/physics/research/NanotubeBundleDeformed/src/Makefile&quot;  VERBOSE=1 ClassVectorDoubleArray1d"/>
					<CompileFile command="/usr/bin/make -f &quot;/Users/Meow/Documents/physics/research/NanotubeBundleDeformed/src/Makefile&quot;  VERBOSE=1 &quot;$file&quot;"/>
					<Clean command="/usr/bin/make -f &quot;/Users/Meow/Documents/physics/research/NanotubeBundleDeformed/src/Makefile&quot;  VERBOSE=1 clean"/>
					<DistClean command="/usr/bin/make -f &quot;/Users/Meow/Documents/physics/research/NanotubeBundleDeformed/src/Makefile&quot;  VERBOSE=1 clean"/>
				</MakeCommands>
			</Target>
			<Target title="ClassVectorDoubleArray1d/fast">
				<Option output="/Users/Meow/Documents/physics/research/NanotubeBundleDeformed/lib/libClassVectorDoubleArray1d.a" prefix_auto="0" extension_auto="0"/>
				<Option working_dir="/Users/Meow/Documents/physics/research/NanotubeBundleDeformed/src"/>
				<Option object_output="./"/>
				<Option type="2"/>
				<Option compiler="clang"/>
				<Compiler/>
				<MakeCommands>
					<Build command="/usr/bin/make -f &quot;/Users/Meow/Documents/physics/research/NanotubeBundleDeformed/src/Makefile&quot;  VERBOSE=1 ClassVectorDoubleArray1d/fast"/>
					<CompileFile command="/usr/bin/make -f &quot;/Users/Meow/Documents/physics/research/NanotubeBundleDeformed/src/Makefile&quot;  VERBOSE=1 &quot;$file&quot;"/>
					<Clean command="/usr/bin/make -f &quot;/Users/Meow/Documents/physics/research/NanotubeBundleDeformed/src/Makefile&quot;  VERBOSE=1 clean"/>
					<DistClean command="/usr/bin/make -f &quot;/Users/Meow/Documents/physics/research/NanotubeBundleDeformed/src/Makefile&quot;  VERBOSE=1 clean"/>
				</MakeCommands>
			</Target>
			<Target title="LatticeVector">
				<Option output="/Users/Meow/Documents/physics/research/NanotubeBundleDeformed/lib/libLatticeVector.a" prefix_auto="0" extension_auto="0"/>
				<Option working_dir="/Users/Meow/Documents/physics/research/NanotubeBundleDeformed/src"/>
				<Option object_output="./"/>
				<Option type="2"/>
				<Option compiler="clang"/>
				<Compiler/>
				<MakeCommands>
					<Build command="/usr/bin/make -f &quot;/Users/Meow/Documents/physics/research/NanotubeBundleDeformed/src/Makefile&quot;  VERBOSE=1 LatticeVector"/>
					<CompileFile command="/usr/bin/make -f &quot;/Users/Meow/Documents/physics/research/NanotubeBundleDeformed/src/Makefile&quot;  VERBOSE=1 &quot;$file&quot;"/>
					<Clean command="/usr/bin/make -f &quot;/Users/Meow/Documents/physics/research/NanotubeBundleDeformed/src/Makefile&quot;  VERBOSE=1 clean"/>
					<DistClean command="/usr/bin/make -f &quot;/Users/Meow/Documents/physics/research/NanotubeBundleDeformed/src/Makefile&quot;  VERBOSE=1 clean"/>
				</MakeCommands>
			</Target>
			<Target title="LatticeVector/fast">
				<Option output="/Users/Meow/Documents/physics/research/NanotubeBundleDeformed/lib/libLatticeVector.a" prefix_auto="0" extension_auto="0"/>
				<Option working_dir="/Users/Meow/Documents/physics/research/NanotubeBundleDeformed/src"/>
				<Option object_output="./"/>
				<Option type="2"/>
				<Option compiler="clang"/>
				<Compiler/>
				<MakeCommands>
					<Build command="/usr/bin/make -f &quot;/Users/Meow/Documents/physics/research/NanotubeBundleDeformed/src/Makefile&quot;  VERBOSE=1 LatticeVector/fast"/>
					<CompileFile command="/usr/bin/make -f &quot;/Users/Meow/Documents/physics/research/NanotubeBundleDeformed/src/Makefile&quot;  VERBOSE=1 &quot;$file&quot;"/>
					<Clean command="/usr/bin/make -f &quot;/Users/Meow/Documents/physics/research/NanotubeBundleDeformed/src/Makefile&quot;  VERBOSE=1 clean"/>
					<DistClean command="/usr/bin/make -f &quot;/Users/Meow/Documents/physics/research/NanotubeBundleDeformed/src/Makefile&quot;  VERBOSE=1 clean"/>
				</MakeCommands>
			</Target>
		</Build>
		<Unit filename="/Users/Meow/Documents/physics/research/NanotubeBundleDeformed/src/ClassHamiltonianConstructor.f90">
			<Option target="ClassHamiltonianConstructor"/>
		</Unit>
		<Unit filename="/Users/Meow/Documents/physics/research/NanotubeBundleDeformed/src/ClassInterlayerAttenuation.f90">
			<Option target="ClassInterlayerAttenuation"/>
		</Unit>
		<Unit filename="/Users/Meow/Documents/physics/research/NanotubeBundleDeformed/src/ClassNanotubeBundle.f90">
			<Option target="ClassNanotubeBundle"/>
		</Unit>
		<Unit filename="/Users/Meow/Documents/physics/research/NanotubeBundleDeformed/src/ClassSingleWallNanotube.f90">
			<Option target="ClassSingleWallNanotube"/>
		</Unit>
		<Unit filename="/Users/Meow/Documents/physics/research/NanotubeBundleDeformed/src/ClassSpectralFunction.f90">
			<Option target="ClassSpectralFunction"/>
		</Unit>
		<Unit filename="/Users/Meow/Documents/physics/research/NanotubeBundleDeformed/src/ClassVectorComplex8.f90">
			<Option target="ClassVectorComplex8"/>
		</Unit>
		<Unit filename="/Users/Meow/Documents/physics/research/NanotubeBundleDeformed/src/ClassVectorDouble.f90">
			<Option target="ClassVectorDouble"/>
		</Unit>
		<Unit filename="/Users/Meow/Documents/physics/research/NanotubeBundleDeformed/src/ClassVectorDoubleArray1d.f90">
			<Option target="ClassVectorDoubleArray1d"/>
		</Unit>
		<Unit filename="/Users/Meow/Documents/physics/research/NanotubeBundleDeformed/src/ClassVectorInteger.f90">
			<Option target="ClassVectorInteger"/>
		</Unit>
		<Unit filename="/Users/Meow/Documents/physics/research/NanotubeBundleDeformed/src/ClassVectorIntegerArray1d.f90">
			<Option target="ClassVectorIntegerArray1d"/>
		</Unit>
		<Unit filename="/Users/Meow/Documents/physics/research/NanotubeBundleDeformed/src/Class_kBase.f90">
			<Option target="Class_kBase"/>
		</Unit>
		<Unit filename="/Users/Meow/Documents/physics/research/NanotubeBundleDeformed/src/Lattice2d.f90">
			<Option target="Lattice2d"/>
		</Unit>
		<Unit filename="/Users/Meow/Documents/physics/research/NanotubeBundleDeformed/src/LatticeVector.f90">
			<Option target="LatticeVector"/>
		</Unit>
		<Unit filename="/Users/Meow/Documents/physics/research/NanotubeBundleDeformed/src/ModuleHermitianMatrixEigenvalueSolver.f90">
			<Option target="ModuleHermitianMatrixEigenvalueSolver"/>
		</Unit>
		<Unit filename="/Users/Meow/Documents/physics/research/NanotubeBundleDeformed/src/TestClassInterlayerAttenuation.f90">
			<Option target="TestClassInterlayerAttenuation"/>
		</Unit>
		<Unit filename="/Users/Meow/Documents/physics/research/NanotubeBundleDeformed/src/main.f90">
			<Option target="NanotubeBundleDeformed"/>
		</Unit>
		<Unit filename="/Users/Meow/Documents/physics/research/NanotubeBundleDeformed/CMakeLists.txt">
			<Option virtualFolder="CMake Files\"/>
		</Unit>
		<Unit filename="/Users/Meow/Documents/physics/research/NanotubeBundleDeformed/src/CMakeLists.txt">
			<Option virtualFolder="CMake Files\src\"/>
		</Unit>
	</Project>
</CodeBlocks_project_file>
